Microsoft Visual Studio Solution File, Format Version 12.00
# Visual Studio Version 17
VisualStudioVersion = 17.0.31903.59
MinimumVisualStudioVersion = 10.0.40219.1
Project("{2150E333-8FDC-42A3-9474-1A3956D46DE8}") = "Solution Items", "Solution Items", "{FACBDBF2-FDEF-48F9-AA89-B8CF9013E0A4}"
	ProjectSection(SolutionItems) = preProject
		compose.yaml = compose.yaml
	EndProjectSection
EndProject
Project("{2150E333-8FDC-42A3-9474-1A3956D46DE8}") = "src", "src", "{88D567B0-487C-46B5-A422-7502BC828B03}"
EndProject
Project("{2150E333-8FDC-42A3-9474-1A3956D46DE8}") = "customer", "customer", "{E0CB5212-2913-47C7-AF3B-8F1716584475}"
EndProject
Project("{FAE04EC0-301F-11D3-BF4B-00C04F79EFBC}") = "Customer.Api", "src\customer\Customer.Api\Customer.Api.csproj", "{D66D04CE-9AFE-47EC-8C71-329F1F1EDE57}"
EndProject
Project("{FAE04EC0-301F-11D3-BF4B-00C04F79EFBC}") = "Customer.Application", "src\customer\Customer.Application\Customer.Application.csproj", "{BB433C92-D6B8-47CD-A29A-2BB0ADE4FDEE}"
EndProject
Project("{FAE04EC0-301F-11D3-BF4B-00C04F79EFBC}") = "Customer.Domain", "src\customer\Customer.Domain\Customer.Domain.csproj", "{60D3904C-13DA-4D3F-8BE9-04EED2838CAC}"
EndProject
Project("{FAE04EC0-301F-11D3-BF4B-00C04F79EFBC}") = "Customer.Infrastructure", "src\customer\Customer.Infrastructure\Customer.Infrastructure.csproj", "{ED3C95F5-4EF8-48B9-8338-35FFF6DFD0A4}"
EndProject
Project("{2150E333-8FDC-42A3-9474-1A3956D46DE8}") = "product", "product", "{D451BEDF-60ED-4960-8C77-CD72CD2BA017}"
EndProject
Project("{FAE04EC0-301F-11D3-BF4B-00C04F79EFBC}") = "Product.Api", "src\product\Product.Api\Product.Api.csproj", "{1DAAE953-1CA0-419D-B5B5-3BFCAFBC5E08}"
EndProject
Project("{FAE04EC0-301F-11D3-BF4B-00C04F79EFBC}") = "Product.Domain", "src\product\Product.Domain\Product.Domain.csproj", "{D6D099C3-070F-4CE0-AAF7-F81835F297EA}"
EndProject
Project("{FAE04EC0-301F-11D3-BF4B-00C04F79EFBC}") = "Product.Application", "src\product\Product.Application\Product.Application.csproj", "{6684E14F-C6BB-49FD-82D3-26D337547818}"
EndProject
Project("{FAE04EC0-301F-11D3-BF4B-00C04F79EFBC}") = "Product.Infrastructure", "src\product\Product.Infrastructure\Product.Infrastructure.csproj", "{C682E82C-70BB-4F01-BC64-892DDF88005E}"
EndProject
Project("{2150E333-8FDC-42A3-9474-1A3956D46DE8}") = "order", "order", "{6A29E88E-FB94-41CD-93C5-DDAC008AD2AC}"
EndProject
Project("{FAE04EC0-301F-11D3-BF4B-00C04F79EFBC}") = "Order.Api", "src\order\Order.Api\Order.Api.csproj", "{8DCF4086-A079-4021-A688-FBDF6BC6A999}"
EndProject
Project("{FAE04EC0-301F-11D3-BF4B-00C04F79EFBC}") = "Order.Domain", "src\order\Order.Domain\Order.Domain.csproj", "{B6602386-0FBE-4F00-9081-7B9639CB405A}"
EndProject
Project("{FAE04EC0-301F-11D3-BF4B-00C04F79EFBC}") = "Order.Application", "src\order\Order.Application\Order.Application.csproj", "{2A8E3348-60DB-41B6-B321-7DC8205FF6D1}"
EndProject
Project("{FAE04EC0-301F-11D3-BF4B-00C04F79EFBC}") = "Order.Infrastructure", "src\order\Order.Infrastructure\Order.Infrastructure.csproj", "{2B6612E8-9334-4348-8A40-B700ADF6356C}"
EndProject
Project("{FAE04EC0-301F-11D3-BF4B-00C04F79EFBC}") = "Order.Publisher", "src\order\Order.Publisher\Order.Publisher.csproj", "{AED683C5-475B-45D6-BFF3-B5A88A63678E}"
EndProject
Project("{2150E333-8FDC-42A3-9474-1A3956D46DE8}") = "tests", "tests", "{B9767FE0-6DCD-423F-B3C6-C8B3D88D4D4F}"
EndProject
Project("{FAE04EC0-301F-11D3-BF4B-00C04F79EFBC}") = "SmartShop.Domain.Tests", "tests\SmartShop.Domain.Tests\SmartShop.Domain.Tests.csproj", "{7E18E27B-C0F2-4678-A49C-5F0C5564659B}"
EndProject
Global
	GlobalSection(SolutionConfigurationPlatforms) = preSolution
		Debug|Any CPU = Debug|Any CPU
		Release|Any CPU = Release|Any CPU
	EndGlobalSection
	GlobalSection(ProjectConfigurationPlatforms) = postSolution
		{D66D04CE-9AFE-47EC-8C71-329F1F1EDE57}.Debug|Any CPU.ActiveCfg = Debug|Any CPU
		{D66D04CE-9AFE-47EC-8C71-329F1F1EDE57}.Debug|Any CPU.Build.0 = Debug|Any CPU
		{D66D04CE-9AFE-47EC-8C71-329F1F1EDE57}.Release|Any CPU.ActiveCfg = Release|Any CPU
		{D66D04CE-9AFE-47EC-8C71-329F1F1EDE57}.Release|Any CPU.Build.0 = Release|Any CPU
		{BB433C92-D6B8-47CD-A29A-2BB0ADE4FDEE}.Debug|Any CPU.ActiveCfg = Debug|Any CPU
		{BB433C92-D6B8-47CD-A29A-2BB0ADE4FDEE}.Debug|Any CPU.Build.0 = Debug|Any CPU
		{BB433C92-D6B8-47CD-A29A-2BB0ADE4FDEE}.Release|Any CPU.ActiveCfg = Release|Any CPU
		{BB433C92-D6B8-47CD-A29A-2BB0ADE4FDEE}.Release|Any CPU.Build.0 = Release|Any CPU
		{60D3904C-13DA-4D3F-8BE9-04EED2838CAC}.Debug|Any CPU.ActiveCfg = Debug|Any CPU
		{60D3904C-13DA-4D3F-8BE9-04EED2838CAC}.Debug|Any CPU.Build.0 = Debug|Any CPU
		{60D3904C-13DA-4D3F-8BE9-04EED2838CAC}.Release|Any CPU.ActiveCfg = Release|Any CPU
		{60D3904C-13DA-4D3F-8BE9-04EED2838CAC}.Release|Any CPU.Build.0 = Release|Any CPU
		{ED3C95F5-4EF8-48B9-8338-35FFF6DFD0A4}.Debug|Any CPU.ActiveCfg = Debug|Any CPU
		{ED3C95F5-4EF8-48B9-8338-35FFF6DFD0A4}.Debug|Any CPU.Build.0 = Debug|Any CPU
		{ED3C95F5-4EF8-48B9-8338-35FFF6DFD0A4}.Release|Any CPU.ActiveCfg = Release|Any CPU
		{ED3C95F5-4EF8-48B9-8338-35FFF6DFD0A4}.Release|Any CPU.Build.0 = Release|Any CPU
		{1DAAE953-1CA0-419D-B5B5-3BFCAFBC5E08}.Debug|Any CPU.ActiveCfg = Debug|Any CPU
		{1DAAE953-1CA0-419D-B5B5-3BFCAFBC5E08}.Debug|Any CPU.Build.0 = Debug|Any CPU
		{1DAAE953-1CA0-419D-B5B5-3BFCAFBC5E08}.Release|Any CPU.ActiveCfg = Release|Any CPU
		{1DAAE953-1CA0-419D-B5B5-3BFCAFBC5E08}.Release|Any CPU.Build.0 = Release|Any CPU
		{D6D099C3-070F-4CE0-AAF7-F81835F297EA}.Debug|Any CPU.ActiveCfg = Debug|Any CPU
		{D6D099C3-070F-4CE0-AAF7-F81835F297EA}.Debug|Any CPU.Build.0 = Debug|Any CPU
		{D6D099C3-070F-4CE0-AAF7-F81835F297EA}.Release|Any CPU.ActiveCfg = Release|Any CPU
		{D6D099C3-070F-4CE0-AAF7-F81835F297EA}.Release|Any CPU.Build.0 = Release|Any CPU
		{6684E14F-C6BB-49FD-82D3-26D337547818}.Debug|Any CPU.ActiveCfg = Debug|Any CPU
		{6684E14F-C6BB-49FD-82D3-26D337547818}.Debug|Any CPU.Build.0 = Debug|Any CPU
		{6684E14F-C6BB-49FD-82D3-26D337547818}.Release|Any CPU.ActiveCfg = Release|Any CPU
		{6684E14F-C6BB-49FD-82D3-26D337547818}.Release|Any CPU.Build.0 = Release|Any CPU
		{C682E82C-70BB-4F01-BC64-892DDF88005E}.Debug|Any CPU.ActiveCfg = Debug|Any CPU
		{C682E82C-70BB-4F01-BC64-892DDF88005E}.Debug|Any CPU.Build.0 = Debug|Any CPU
		{C682E82C-70BB-4F01-BC64-892DDF88005E}.Release|Any CPU.ActiveCfg = Release|Any CPU
		{C682E82C-70BB-4F01-BC64-892DDF88005E}.Release|Any CPU.Build.0 = Release|Any CPU
		{8DCF4086-A079-4021-A688-FBDF6BC6A999}.Debug|Any CPU.ActiveCfg = Debug|Any CPU
		{8DCF4086-A079-4021-A688-FBDF6BC6A999}.Debug|Any CPU.Build.0 = Debug|Any CPU
		{8DCF4086-A079-4021-A688-FBDF6BC6A999}.Release|Any CPU.ActiveCfg = Release|Any CPU
		{8DCF4086-A079-4021-A688-FBDF6BC6A999}.Release|Any CPU.Build.0 = Release|Any CPU
		{B6602386-0FBE-4F00-9081-7B9639CB405A}.Debug|Any CPU.ActiveCfg = Debug|Any CPU
		{B6602386-0FBE-4F00-9081-7B9639CB405A}.Debug|Any CPU.Build.0 = Debug|Any CPU
		{B6602386-0FBE-4F00-9081-7B9639CB405A}.Release|Any CPU.ActiveCfg = Release|Any CPU
		{B6602386-0FBE-4F00-9081-7B9639CB405A}.Release|Any CPU.Build.0 = Release|Any CPU
		{2A8E3348-60DB-41B6-B321-7DC8205FF6D1}.Debug|Any CPU.ActiveCfg = Debug|Any CPU
		{2A8E3348-60DB-41B6-B321-7DC8205FF6D1}.Debug|Any CPU.Build.0 = Debug|Any CPU
		{2A8E3348-60DB-41B6-B321-7DC8205FF6D1}.Release|Any CPU.ActiveCfg = Release|Any CPU
		{2A8E3348-60DB-41B6-B321-7DC8205FF6D1}.Release|Any CPU.Build.0 = Release|Any CPU
		{2B6612E8-9334-4348-8A40-B700ADF6356C}.Debug|Any CPU.ActiveCfg = Debug|Any CPU
		{2B6612E8-9334-4348-8A40-B700ADF6356C}.Debug|Any CPU.Build.0 = Debug|Any CPU
		{2B6612E8-9334-4348-8A40-B700ADF6356C}.Release|Any CPU.ActiveCfg = Release|Any CPU
		{2B6612E8-9334-4348-8A40-B700ADF6356C}.Release|Any CPU.Build.0 = Release|Any CPU
		{AED683C5-475B-45D6-BFF3-B5A88A63678E}.Debug|Any CPU.ActiveCfg = Debug|Any CPU
		{AED683C5-475B-45D6-BFF3-B5A88A63678E}.Debug|Any CPU.Build.0 = Debug|Any CPU
		{AED683C5-475B-45D6-BFF3-B5A88A63678E}.Release|Any CPU.ActiveCfg = Release|Any CPU
		{AED683C5-475B-45D6-BFF3-B5A88A63678E}.Release|Any CPU.Build.0 = Release|Any CPU
		{7E18E27B-C0F2-4678-A49C-5F0C5564659B}.Debug|Any CPU.ActiveCfg = Debug|Any CPU
		{7E18E27B-C0F2-4678-A49C-5F0C5564659B}.Debug|Any CPU.Build.0 = Debug|Any CPU
		{7E18E27B-C0F2-4678-A49C-5F0C5564659B}.Release|Any CPU.ActiveCfg = Release|Any CPU
		{7E18E27B-C0F2-4678-A49C-5F0C5564659B}.Release|Any CPU.Build.0 = Release|Any CPU
	EndGlobalSection
	GlobalSection(NestedProjects) = preSolution
		{E0CB5212-2913-47C7-AF3B-8F1716584475} = {88D567B0-487C-46B5-A422-7502BC828B03}
		{D66D04CE-9AFE-47EC-8C71-329F1F1EDE57} = {E0CB5212-2913-47C7-AF3B-8F1716584475}
		{BB433C92-D6B8-47CD-A29A-2BB0ADE4FDEE} = {E0CB5212-2913-47C7-AF3B-8F1716584475}
		{60D3904C-13DA-4D3F-8BE9-04EED2838CAC} = {E0CB5212-2913-47C7-AF3B-8F1716584475}
		{ED3C95F5-4EF8-48B9-8338-35FFF6DFD0A4} = {E0CB5212-2913-47C7-AF3B-8F1716584475}
		{D451BEDF-60ED-4960-8C77-CD72CD2BA017} = {88D567B0-487C-46B5-A422-7502BC828B03}
		{1DAAE953-1CA0-419D-B5B5-3BFCAFBC5E08} = {D451BEDF-60ED-4960-8C77-CD72CD2BA017}
		{D6D099C3-070F-4CE0-AAF7-F81835F297EA} = {D451BEDF-60ED-4960-8C77-CD72CD2BA017}
		{6684E14F-C6BB-49FD-82D3-26D337547818} = {D451BEDF-60ED-4960-8C77-CD72CD2BA017}
		{C682E82C-70BB-4F01-BC64-892DDF88005E} = {D451BEDF-60ED-4960-8C77-CD72CD2BA017}
		{6A29E88E-FB94-41CD-93C5-DDAC008AD2AC} = {88D567B0-487C-46B5-A422-7502BC828B03}
		{8DCF4086-A079-4021-A688-FBDF6BC6A999} = {6A29E88E-FB94-41CD-93C5-DDAC008AD2AC}
		{B6602386-0FBE-4F00-9081-7B9639CB405A} = {6A29E88E-FB94-41CD-93C5-DDAC008AD2AC}
		{2A8E3348-60DB-41B6-B321-7DC8205FF6D1} = {6A29E88E-FB94-41CD-93C5-DDAC008AD2AC}
		{2B6612E8-9334-4348-8A40-B700ADF6356C} = {6A29E88E-FB94-41CD-93C5-DDAC008AD2AC}
		{AED683C5-475B-45D6-BFF3-B5A88A63678E} = {6A29E88E-FB94-41CD-93C5-DDAC008AD2AC}
		{7E18E27B-C0F2-4678-A49C-5F0C5564659B} = {B9767FE0-6DCD-423F-B3C6-C8B3D88D4D4F}
	EndGlobalSection
EndGlobal
